<?xml version="1.0" encoding="UTF-8"?>
<Project ToolsVersion="12.0" xmlns="http://schemas.microsoft.com/developer/msbuild/2003">
  <ItemGroup>
    <CustomBuild Include="C:\Users\Razim\Desktop\Triangle - Copy\cpp3d\CMakeFiles\d1975af80782f91bf424799f11df79d7\INSTALL_force.rule">
      <Filter>CMake Rules</Filter>
    </CustomBuild>
  </ItemGroup>
  <ItemGroup>
    <Filter Include="CMake Rules">
      <UniqueIdentifier>{CD6A9C52-BFCD-322B-92DE-8C68DE129FB9}</UniqueIdentifier>
    </Filter>
  </ItemGroup>
</Project>
