Microsoft Visual Studio Solution File, Format Version 12.00
# Visual Studio 2013
Project("{8BC9CEB8-8B4A-11D0-8D11-00A0C91BC942}") = "ALL_BUILD", "ALL_BUILD.vcxproj", "{D5C173AD-40E8-3C63-A6DD-A5BE57E00473}"
	ProjectSection(ProjectDependencies) = postProject
		{F9F8009B-86CC-3EDD-A886-A7EFDD1F4EF1} = {F9F8009B-86CC-3EDD-A886-A7EFDD1F4EF1}
		{736B021A-74AA-3947-AE98-E41BD6A8EFB4} = {736B021A-74AA-3947-AE98-E41BD6A8EFB4}
		{CE279E8A-D3FE-3B22-868B-EBF060B58A38} = {CE279E8A-D3FE-3B22-868B-EBF060B58A38}
		{2EC07513-9B08-3759-9285-BDCB80EB1840} = {2EC07513-9B08-3759-9285-BDCB80EB1840}
		{076ED74F-DB7B-38BE-9246-20385AC39BCA} = {076ED74F-DB7B-38BE-9246-20385AC39BCA}
		{A728715A-85E6-394E-9818-77ED59F683A0} = {A728715A-85E6-394E-9818-77ED59F683A0}
		{32EF2574-C197-3BDF-BB2B-2D2AD5EDDEE6} = {32EF2574-C197-3BDF-BB2B-2D2AD5EDDEE6}
		{9E949EE7-8362-3C06-BBDC-9CB584D7E51A} = {9E949EE7-8362-3C06-BBDC-9CB584D7E51A}
		{2789E7CE-329B-3886-B501-1F77BA50137D} = {2789E7CE-329B-3886-B501-1F77BA50137D}
		{9513C52D-CDEF-392F-9AF0-BABAD3C4233C} = {9513C52D-CDEF-392F-9AF0-BABAD3C4233C}
		{631EAB27-71F7-34F6-86F1-F739A6DCF144} = {631EAB27-71F7-34F6-86F1-F739A6DCF144}
		{F23B5A74-A484-3271-AAD3-4A25A27B6956} = {F23B5A74-A484-3271-AAD3-4A25A27B6956}
		{B430E41D-0836-31D7-9869-91516BD591EC} = {B430E41D-0836-31D7-9869-91516BD591EC}
		{7449EB44-75E6-34C2-90DD-4B430E70FD58} = {7449EB44-75E6-34C2-90DD-4B430E70FD58}
		{D3D5718E-406B-35AC-94FF-EBFED37DDE4A} = {D3D5718E-406B-35AC-94FF-EBFED37DDE4A}
		{CE435560-46EB-3419-A3B8-2F622AA910D0} = {CE435560-46EB-3419-A3B8-2F622AA910D0}
		{1E0D81F4-A4EF-34E7-829B-D850967B6C55} = {1E0D81F4-A4EF-34E7-829B-D850967B6C55}
		{D8D14475-5D34-38CC-9A29-5C0ED46CDCFB} = {D8D14475-5D34-38CC-9A29-5C0ED46CDCFB}
		{AB1AD549-A267-3B56-8597-09085227A77D} = {AB1AD549-A267-3B56-8597-09085227A77D}
		{E7E32E08-1E2A-36F0-B5B1-B5C5C453E2BF} = {E7E32E08-1E2A-36F0-B5B1-B5C5C453E2BF}
		{DE1B2862-9DC6-3B1E-8261-700C2EF74BC8} = {DE1B2862-9DC6-3B1E-8261-700C2EF74BC8}
		{8A77C371-89D7-3222-BFD4-67CA8914C8E4} = {8A77C371-89D7-3222-BFD4-67CA8914C8E4}
		{EE543351-506D-32B0-AD7C-2420C668CD9F} = {EE543351-506D-32B0-AD7C-2420C668CD9F}
		{2B7AE712-DCC1-3C77-A774-EB0C25D0EE79} = {2B7AE712-DCC1-3C77-A774-EB0C25D0EE79}
		{D486C678-9278-3B26-B599-30B9D786DD77} = {D486C678-9278-3B26-B599-30B9D786DD77}
	EndProjectSection
EndProject
Project("{8BC9CEB8-8B4A-11D0-8D11-00A0C91BC942}") = "INSTALL", "INSTALL.vcxproj", "{0A00FF2E-D36C-3FE6-B6B7-5446ACDC500A}"
	ProjectSection(ProjectDependencies) = postProject
		{D5C173AD-40E8-3C63-A6DD-A5BE57E00473} = {D5C173AD-40E8-3C63-A6DD-A5BE57E00473}
	EndProjectSection
EndProject
Project("{8BC9CEB8-8B4A-11D0-8D11-00A0C91BC942}") = "ZERO_CHECK", "..\..\\ZERO_CHECK.vcxproj", "{F9F8009B-86CC-3EDD-A886-A7EFDD1F4EF1}"
	ProjectSection(ProjectDependencies) = postProject
	EndProjectSection
EndProject
Project("{8BC9CEB8-8B4A-11D0-8D11-00A0C91BC942}") = "boing", "examples\boing.vcxproj", "{736B021A-74AA-3947-AE98-E41BD6A8EFB4}"
	ProjectSection(ProjectDependencies) = postProject
		{F9F8009B-86CC-3EDD-A886-A7EFDD1F4EF1} = {F9F8009B-86CC-3EDD-A886-A7EFDD1F4EF1}
		{2789E7CE-329B-3886-B501-1F77BA50137D} = {2789E7CE-329B-3886-B501-1F77BA50137D}
	EndProjectSection
EndProject
Project("{8BC9CEB8-8B4A-11D0-8D11-00A0C91BC942}") = "clipboard", "tests\clipboard.vcxproj", "{CE279E8A-D3FE-3B22-868B-EBF060B58A38}"
	ProjectSection(ProjectDependencies) = postProject
		{F9F8009B-86CC-3EDD-A886-A7EFDD1F4EF1} = {F9F8009B-86CC-3EDD-A886-A7EFDD1F4EF1}
		{2789E7CE-329B-3886-B501-1F77BA50137D} = {2789E7CE-329B-3886-B501-1F77BA50137D}
	EndProjectSection
EndProject
Project("{8BC9CEB8-8B4A-11D0-8D11-00A0C91BC942}") = "cursor", "tests\cursor.vcxproj", "{2EC07513-9B08-3759-9285-BDCB80EB1840}"
	ProjectSection(ProjectDependencies) = postProject
		{F9F8009B-86CC-3EDD-A886-A7EFDD1F4EF1} = {F9F8009B-86CC-3EDD-A886-A7EFDD1F4EF1}
		{2789E7CE-329B-3886-B501-1F77BA50137D} = {2789E7CE-329B-3886-B501-1F77BA50137D}
	EndProjectSection
EndProject
Project("{8BC9CEB8-8B4A-11D0-8D11-00A0C91BC942}") = "empty", "tests\empty.vcxproj", "{076ED74F-DB7B-38BE-9246-20385AC39BCA}"
	ProjectSection(ProjectDependencies) = postProject
		{F9F8009B-86CC-3EDD-A886-A7EFDD1F4EF1} = {F9F8009B-86CC-3EDD-A886-A7EFDD1F4EF1}
		{2789E7CE-329B-3886-B501-1F77BA50137D} = {2789E7CE-329B-3886-B501-1F77BA50137D}
	EndProjectSection
EndProject
Project("{8BC9CEB8-8B4A-11D0-8D11-00A0C91BC942}") = "events", "tests\events.vcxproj", "{A728715A-85E6-394E-9818-77ED59F683A0}"
	ProjectSection(ProjectDependencies) = postProject
		{F9F8009B-86CC-3EDD-A886-A7EFDD1F4EF1} = {F9F8009B-86CC-3EDD-A886-A7EFDD1F4EF1}
		{2789E7CE-329B-3886-B501-1F77BA50137D} = {2789E7CE-329B-3886-B501-1F77BA50137D}
	EndProjectSection
EndProject
Project("{8BC9CEB8-8B4A-11D0-8D11-00A0C91BC942}") = "gamma", "tests\gamma.vcxproj", "{32EF2574-C197-3BDF-BB2B-2D2AD5EDDEE6}"
	ProjectSection(ProjectDependencies) = postProject
		{F9F8009B-86CC-3EDD-A886-A7EFDD1F4EF1} = {F9F8009B-86CC-3EDD-A886-A7EFDD1F4EF1}
		{2789E7CE-329B-3886-B501-1F77BA50137D} = {2789E7CE-329B-3886-B501-1F77BA50137D}
	EndProjectSection
EndProject
Project("{8BC9CEB8-8B4A-11D0-8D11-00A0C91BC942}") = "gears", "examples\gears.vcxproj", "{9E949EE7-8362-3C06-BBDC-9CB584D7E51A}"
	ProjectSection(ProjectDependencies) = postProject
		{F9F8009B-86CC-3EDD-A886-A7EFDD1F4EF1} = {F9F8009B-86CC-3EDD-A886-A7EFDD1F4EF1}
		{2789E7CE-329B-3886-B501-1F77BA50137D} = {2789E7CE-329B-3886-B501-1F77BA50137D}
	EndProjectSection
EndProject
Project("{8BC9CEB8-8B4A-11D0-8D11-00A0C91BC942}") = "glfw", "src\glfw.vcxproj", "{2789E7CE-329B-3886-B501-1F77BA50137D}"
	ProjectSection(ProjectDependencies) = postProject
		{F9F8009B-86CC-3EDD-A886-A7EFDD1F4EF1} = {F9F8009B-86CC-3EDD-A886-A7EFDD1F4EF1}
	EndProjectSection
EndProject
Project("{8BC9CEB8-8B4A-11D0-8D11-00A0C91BC942}") = "glfwinfo", "tests\glfwinfo.vcxproj", "{9513C52D-CDEF-392F-9AF0-BABAD3C4233C}"
	ProjectSection(ProjectDependencies) = postProject
		{F9F8009B-86CC-3EDD-A886-A7EFDD1F4EF1} = {F9F8009B-86CC-3EDD-A886-A7EFDD1F4EF1}
		{2789E7CE-329B-3886-B501-1F77BA50137D} = {2789E7CE-329B-3886-B501-1F77BA50137D}
	EndProjectSection
EndProject
Project("{8BC9CEB8-8B4A-11D0-8D11-00A0C91BC942}") = "heightmap", "examples\heightmap.vcxproj", "{631EAB27-71F7-34F6-86F1-F739A6DCF144}"
	ProjectSection(ProjectDependencies) = postProject
		{F9F8009B-86CC-3EDD-A886-A7EFDD1F4EF1} = {F9F8009B-86CC-3EDD-A886-A7EFDD1F4EF1}
		{2789E7CE-329B-3886-B501-1F77BA50137D} = {2789E7CE-329B-3886-B501-1F77BA50137D}
	EndProjectSection
EndProject
Project("{8BC9CEB8-8B4A-11D0-8D11-00A0C91BC942}") = "iconify", "tests\iconify.vcxproj", "{F23B5A74-A484-3271-AAD3-4A25A27B6956}"
	ProjectSection(ProjectDependencies) = postProject
		{F9F8009B-86CC-3EDD-A886-A7EFDD1F4EF1} = {F9F8009B-86CC-3EDD-A886-A7EFDD1F4EF1}
		{2789E7CE-329B-3886-B501-1F77BA50137D} = {2789E7CE-329B-3886-B501-1F77BA50137D}
	EndProjectSection
EndProject
Project("{8BC9CEB8-8B4A-11D0-8D11-00A0C91BC942}") = "joysticks", "tests\joysticks.vcxproj", "{B430E41D-0836-31D7-9869-91516BD591EC}"
	ProjectSection(ProjectDependencies) = postProject
		{F9F8009B-86CC-3EDD-A886-A7EFDD1F4EF1} = {F9F8009B-86CC-3EDD-A886-A7EFDD1F4EF1}
		{2789E7CE-329B-3886-B501-1F77BA50137D} = {2789E7CE-329B-3886-B501-1F77BA50137D}
	EndProjectSection
EndProject
Project("{8BC9CEB8-8B4A-11D0-8D11-00A0C91BC942}") = "monitors", "tests\monitors.vcxproj", "{7449EB44-75E6-34C2-90DD-4B430E70FD58}"
	ProjectSection(ProjectDependencies) = postProject
		{F9F8009B-86CC-3EDD-A886-A7EFDD1F4EF1} = {F9F8009B-86CC-3EDD-A886-A7EFDD1F4EF1}
		{2789E7CE-329B-3886-B501-1F77BA50137D} = {2789E7CE-329B-3886-B501-1F77BA50137D}
	EndProjectSection
EndProject
Project("{8BC9CEB8-8B4A-11D0-8D11-00A0C91BC942}") = "msaa", "tests\msaa.vcxproj", "{D3D5718E-406B-35AC-94FF-EBFED37DDE4A}"
	ProjectSection(ProjectDependencies) = postProject
		{F9F8009B-86CC-3EDD-A886-A7EFDD1F4EF1} = {F9F8009B-86CC-3EDD-A886-A7EFDD1F4EF1}
		{2789E7CE-329B-3886-B501-1F77BA50137D} = {2789E7CE-329B-3886-B501-1F77BA50137D}
	EndProjectSection
EndProject
Project("{8BC9CEB8-8B4A-11D0-8D11-00A0C91BC942}") = "particles", "examples\particles.vcxproj", "{CE435560-46EB-3419-A3B8-2F622AA910D0}"
	ProjectSection(ProjectDependencies) = postProject
		{F9F8009B-86CC-3EDD-A886-A7EFDD1F4EF1} = {F9F8009B-86CC-3EDD-A886-A7EFDD1F4EF1}
		{2789E7CE-329B-3886-B501-1F77BA50137D} = {2789E7CE-329B-3886-B501-1F77BA50137D}
	EndProjectSection
EndProject
Project("{8BC9CEB8-8B4A-11D0-8D11-00A0C91BC942}") = "reopen", "tests\reopen.vcxproj", "{1E0D81F4-A4EF-34E7-829B-D850967B6C55}"
	ProjectSection(ProjectDependencies) = postProject
		{F9F8009B-86CC-3EDD-A886-A7EFDD1F4EF1} = {F9F8009B-86CC-3EDD-A886-A7EFDD1F4EF1}
		{2789E7CE-329B-3886-B501-1F77BA50137D} = {2789E7CE-329B-3886-B501-1F77BA50137D}
	EndProjectSection
EndProject
Project("{8BC9CEB8-8B4A-11D0-8D11-00A0C91BC942}") = "sharing", "tests\sharing.vcxproj", "{D8D14475-5D34-38CC-9A29-5C0ED46CDCFB}"
	ProjectSection(ProjectDependencies) = postProject
		{F9F8009B-86CC-3EDD-A886-A7EFDD1F4EF1} = {F9F8009B-86CC-3EDD-A886-A7EFDD1F4EF1}
		{2789E7CE-329B-3886-B501-1F77BA50137D} = {2789E7CE-329B-3886-B501-1F77BA50137D}
	EndProjectSection
EndProject
Project("{8BC9CEB8-8B4A-11D0-8D11-00A0C91BC942}") = "simple", "examples\simple.vcxproj", "{AB1AD549-A267-3B56-8597-09085227A77D}"
	ProjectSection(ProjectDependencies) = postProject
		{F9F8009B-86CC-3EDD-A886-A7EFDD1F4EF1} = {F9F8009B-86CC-3EDD-A886-A7EFDD1F4EF1}
		{2789E7CE-329B-3886-B501-1F77BA50137D} = {2789E7CE-329B-3886-B501-1F77BA50137D}
	EndProjectSection
EndProject
Project("{8BC9CEB8-8B4A-11D0-8D11-00A0C91BC942}") = "splitview", "examples\splitview.vcxproj", "{E7E32E08-1E2A-36F0-B5B1-B5C5C453E2BF}"
	ProjectSection(ProjectDependencies) = postProject
		{F9F8009B-86CC-3EDD-A886-A7EFDD1F4EF1} = {F9F8009B-86CC-3EDD-A886-A7EFDD1F4EF1}
		{2789E7CE-329B-3886-B501-1F77BA50137D} = {2789E7CE-329B-3886-B501-1F77BA50137D}
	EndProjectSection
EndProject
Project("{8BC9CEB8-8B4A-11D0-8D11-00A0C91BC942}") = "tearing", "tests\tearing.vcxproj", "{DE1B2862-9DC6-3B1E-8261-700C2EF74BC8}"
	ProjectSection(ProjectDependencies) = postProject
		{F9F8009B-86CC-3EDD-A886-A7EFDD1F4EF1} = {F9F8009B-86CC-3EDD-A886-A7EFDD1F4EF1}
		{2789E7CE-329B-3886-B501-1F77BA50137D} = {2789E7CE-329B-3886-B501-1F77BA50137D}
	EndProjectSection
EndProject
Project("{8BC9CEB8-8B4A-11D0-8D11-00A0C91BC942}") = "threads", "tests\threads.vcxproj", "{8A77C371-89D7-3222-BFD4-67CA8914C8E4}"
	ProjectSection(ProjectDependencies) = postProject
		{F9F8009B-86CC-3EDD-A886-A7EFDD1F4EF1} = {F9F8009B-86CC-3EDD-A886-A7EFDD1F4EF1}
		{2789E7CE-329B-3886-B501-1F77BA50137D} = {2789E7CE-329B-3886-B501-1F77BA50137D}
	EndProjectSection
EndProject
Project("{8BC9CEB8-8B4A-11D0-8D11-00A0C91BC942}") = "title", "tests\title.vcxproj", "{EE543351-506D-32B0-AD7C-2420C668CD9F}"
	ProjectSection(ProjectDependencies) = postProject
		{F9F8009B-86CC-3EDD-A886-A7EFDD1F4EF1} = {F9F8009B-86CC-3EDD-A886-A7EFDD1F4EF1}
		{2789E7CE-329B-3886-B501-1F77BA50137D} = {2789E7CE-329B-3886-B501-1F77BA50137D}
	EndProjectSection
EndProject
Project("{8BC9CEB8-8B4A-11D0-8D11-00A0C91BC942}") = "uninstall", "uninstall.vcxproj", "{A7B0B22C-543A-37A8-969B-DA274883E044}"
	ProjectSection(ProjectDependencies) = postProject
		{F9F8009B-86CC-3EDD-A886-A7EFDD1F4EF1} = {F9F8009B-86CC-3EDD-A886-A7EFDD1F4EF1}
	EndProjectSection
EndProject
Project("{8BC9CEB8-8B4A-11D0-8D11-00A0C91BC942}") = "wave", "examples\wave.vcxproj", "{2B7AE712-DCC1-3C77-A774-EB0C25D0EE79}"
	ProjectSection(ProjectDependencies) = postProject
		{F9F8009B-86CC-3EDD-A886-A7EFDD1F4EF1} = {F9F8009B-86CC-3EDD-A886-A7EFDD1F4EF1}
		{2789E7CE-329B-3886-B501-1F77BA50137D} = {2789E7CE-329B-3886-B501-1F77BA50137D}
	EndProjectSection
EndProject
Project("{8BC9CEB8-8B4A-11D0-8D11-00A0C91BC942}") = "windows", "tests\windows.vcxproj", "{D486C678-9278-3B26-B599-30B9D786DD77}"
	ProjectSection(ProjectDependencies) = postProject
		{F9F8009B-86CC-3EDD-A886-A7EFDD1F4EF1} = {F9F8009B-86CC-3EDD-A886-A7EFDD1F4EF1}
		{2789E7CE-329B-3886-B501-1F77BA50137D} = {2789E7CE-329B-3886-B501-1F77BA50137D}
	EndProjectSection
EndProject
Project("{2150E333-8FDC-42A3-9474-1A3956D46DE8}") = "CMakePredefinedTargets", "CMakePredefinedTargets", "{BCDF6150-6F4C-3001-98F7-14E2E9AF1CFF}"
EndProject
Project("{2150E333-8FDC-42A3-9474-1A3956D46DE8}") = "GLFW3", "GLFW3", "{F4F6DD68-F077-311F-8246-E708D3536054}"
EndProject
Project("{2150E333-8FDC-42A3-9474-1A3956D46DE8}") = "Examples", "GLFW3\Examples", "{5EC05DD1-6BAA-34FD-A592-37D487ECA890}"
EndProject
Project("{2150E333-8FDC-42A3-9474-1A3956D46DE8}") = "Tests", "GLFW3\Tests", "{A80068B8-7F1F-3522-9329-7D136E4EF0E9}"
EndProject
Global
	GlobalSection(SolutionConfigurationPlatforms) = preSolution
		Debug|Win32 = Debug|Win32
		Release|Win32 = Release|Win32
		MinSizeRel|Win32 = MinSizeRel|Win32
		RelWithDebInfo|Win32 = RelWithDebInfo|Win32
	EndGlobalSection
	GlobalSection(ProjectConfigurationPlatforms) = postSolution
		{D5C173AD-40E8-3C63-A6DD-A5BE57E00473}.Debug|Win32.ActiveCfg = Debug|Win32
		{D5C173AD-40E8-3C63-A6DD-A5BE57E00473}.Debug|Win32.Build.0 = Debug|Win32
		{D5C173AD-40E8-3C63-A6DD-A5BE57E00473}.Release|Win32.ActiveCfg = Release|Win32
		{D5C173AD-40E8-3C63-A6DD-A5BE57E00473}.Release|Win32.Build.0 = Release|Win32
		{D5C173AD-40E8-3C63-A6DD-A5BE57E00473}.MinSizeRel|Win32.ActiveCfg = MinSizeRel|Win32
		{D5C173AD-40E8-3C63-A6DD-A5BE57E00473}.MinSizeRel|Win32.Build.0 = MinSizeRel|Win32
		{D5C173AD-40E8-3C63-A6DD-A5BE57E00473}.RelWithDebInfo|Win32.ActiveCfg = RelWithDebInfo|Win32
		{D5C173AD-40E8-3C63-A6DD-A5BE57E00473}.RelWithDebInfo|Win32.Build.0 = RelWithDebInfo|Win32
		{0A00FF2E-D36C-3FE6-B6B7-5446ACDC500A}.Debug|Win32.ActiveCfg = Debug|Win32
		{0A00FF2E-D36C-3FE6-B6B7-5446ACDC500A}.Release|Win32.ActiveCfg = Release|Win32
		{0A00FF2E-D36C-3FE6-B6B7-5446ACDC500A}.MinSizeRel|Win32.ActiveCfg = MinSizeRel|Win32
		{0A00FF2E-D36C-3FE6-B6B7-5446ACDC500A}.RelWithDebInfo|Win32.ActiveCfg = RelWithDebInfo|Win32
		{F9F8009B-86CC-3EDD-A886-A7EFDD1F4EF1}.Debug|Win32.ActiveCfg = Debug|Win32
		{F9F8009B-86CC-3EDD-A886-A7EFDD1F4EF1}.Debug|Win32.Build.0 = Debug|Win32
		{F9F8009B-86CC-3EDD-A886-A7EFDD1F4EF1}.Release|Win32.ActiveCfg = Release|Win32
		{F9F8009B-86CC-3EDD-A886-A7EFDD1F4EF1}.Release|Win32.Build.0 = Release|Win32
		{F9F8009B-86CC-3EDD-A886-A7EFDD1F4EF1}.MinSizeRel|Win32.ActiveCfg = MinSizeRel|Win32
		{F9F8009B-86CC-3EDD-A886-A7EFDD1F4EF1}.MinSizeRel|Win32.Build.0 = MinSizeRel|Win32
		{F9F8009B-86CC-3EDD-A886-A7EFDD1F4EF1}.RelWithDebInfo|Win32.ActiveCfg = RelWithDebInfo|Win32
		{F9F8009B-86CC-3EDD-A886-A7EFDD1F4EF1}.RelWithDebInfo|Win32.Build.0 = RelWithDebInfo|Win32
		{736B021A-74AA-3947-AE98-E41BD6A8EFB4}.Debug|Win32.ActiveCfg = Debug|Win32
		{736B021A-74AA-3947-AE98-E41BD6A8EFB4}.Debug|Win32.Build.0 = Debug|Win32
		{736B021A-74AA-3947-AE98-E41BD6A8EFB4}.Release|Win32.ActiveCfg = Release|Win32
		{736B021A-74AA-3947-AE98-E41BD6A8EFB4}.Release|Win32.Build.0 = Release|Win32
		{736B021A-74AA-3947-AE98-E41BD6A8EFB4}.MinSizeRel|Win32.ActiveCfg = MinSizeRel|Win32
		{736B021A-74AA-3947-AE98-E41BD6A8EFB4}.MinSizeRel|Win32.Build.0 = MinSizeRel|Win32
		{736B021A-74AA-3947-AE98-E41BD6A8EFB4}.RelWithDebInfo|Win32.ActiveCfg = RelWithDebInfo|Win32
		{736B021A-74AA-3947-AE98-E41BD6A8EFB4}.RelWithDebInfo|Win32.Build.0 = RelWithDebInfo|Win32
		{CE279E8A-D3FE-3B22-868B-EBF060B58A38}.Debug|Win32.ActiveCfg = Debug|Win32
		{CE279E8A-D3FE-3B22-868B-EBF060B58A38}.Debug|Win32.Build.0 = Debug|Win32
		{CE279E8A-D3FE-3B22-868B-EBF060B58A38}.Release|Win32.ActiveCfg = Release|Win32
		{CE279E8A-D3FE-3B22-868B-EBF060B58A38}.Release|Win32.Build.0 = Release|Win32
		{CE279E8A-D3FE-3B22-868B-EBF060B58A38}.MinSizeRel|Win32.ActiveCfg = MinSizeRel|Win32
		{CE279E8A-D3FE-3B22-868B-EBF060B58A38}.MinSizeRel|Win32.Build.0 = MinSizeRel|Win32
		{CE279E8A-D3FE-3B22-868B-EBF060B58A38}.RelWithDebInfo|Win32.ActiveCfg = RelWithDebInfo|Win32
		{CE279E8A-D3FE-3B22-868B-EBF060B58A38}.RelWithDebInfo|Win32.Build.0 = RelWithDebInfo|Win32
		{2EC07513-9B08-3759-9285-BDCB80EB1840}.Debug|Win32.ActiveCfg = Debug|Win32
		{2EC07513-9B08-3759-9285-BDCB80EB1840}.Debug|Win32.Build.0 = Debug|Win32
		{2EC07513-9B08-3759-9285-BDCB80EB1840}.Release|Win32.ActiveCfg = Release|Win32
		{2EC07513-9B08-3759-9285-BDCB80EB1840}.Release|Win32.Build.0 = Release|Win32
		{2EC07513-9B08-3759-9285-BDCB80EB1840}.MinSizeRel|Win32.ActiveCfg = MinSizeRel|Win32
		{2EC07513-9B08-3759-9285-BDCB80EB1840}.MinSizeRel|Win32.Build.0 = MinSizeRel|Win32
		{2EC07513-9B08-3759-9285-BDCB80EB1840}.RelWithDebInfo|Win32.ActiveCfg = RelWithDebInfo|Win32
		{2EC07513-9B08-3759-9285-BDCB80EB1840}.RelWithDebInfo|Win32.Build.0 = RelWithDebInfo|Win32
		{076ED74F-DB7B-38BE-9246-20385AC39BCA}.Debug|Win32.ActiveCfg = Debug|Win32
		{076ED74F-DB7B-38BE-9246-20385AC39BCA}.Debug|Win32.Build.0 = Debug|Win32
		{076ED74F-DB7B-38BE-9246-20385AC39BCA}.Release|Win32.ActiveCfg = Release|Win32
		{076ED74F-DB7B-38BE-9246-20385AC39BCA}.Release|Win32.Build.0 = Release|Win32
		{076ED74F-DB7B-38BE-9246-20385AC39BCA}.MinSizeRel|Win32.ActiveCfg = MinSizeRel|Win32
		{076ED74F-DB7B-38BE-9246-20385AC39BCA}.MinSizeRel|Win32.Build.0 = MinSizeRel|Win32
		{076ED74F-DB7B-38BE-9246-20385AC39BCA}.RelWithDebInfo|Win32.ActiveCfg = RelWithDebInfo|Win32
		{076ED74F-DB7B-38BE-9246-20385AC39BCA}.RelWithDebInfo|Win32.Build.0 = RelWithDebInfo|Win32
		{A728715A-85E6-394E-9818-77ED59F683A0}.Debug|Win32.ActiveCfg = Debug|Win32
		{A728715A-85E6-394E-9818-77ED59F683A0}.Debug|Win32.Build.0 = Debug|Win32
		{A728715A-85E6-394E-9818-77ED59F683A0}.Release|Win32.ActiveCfg = Release|Win32
		{A728715A-85E6-394E-9818-77ED59F683A0}.Release|Win32.Build.0 = Release|Win32
		{A728715A-85E6-394E-9818-77ED59F683A0}.MinSizeRel|Win32.ActiveCfg = MinSizeRel|Win32
		{A728715A-85E6-394E-9818-77ED59F683A0}.MinSizeRel|Win32.Build.0 = MinSizeRel|Win32
		{A728715A-85E6-394E-9818-77ED59F683A0}.RelWithDebInfo|Win32.ActiveCfg = RelWithDebInfo|Win32
		{A728715A-85E6-394E-9818-77ED59F683A0}.RelWithDebInfo|Win32.Build.0 = RelWithDebInfo|Win32
		{32EF2574-C197-3BDF-BB2B-2D2AD5EDDEE6}.Debug|Win32.ActiveCfg = Debug|Win32
		{32EF2574-C197-3BDF-BB2B-2D2AD5EDDEE6}.Debug|Win32.Build.0 = Debug|Win32
		{32EF2574-C197-3BDF-BB2B-2D2AD5EDDEE6}.Release|Win32.ActiveCfg = Release|Win32
		{32EF2574-C197-3BDF-BB2B-2D2AD5EDDEE6}.Release|Win32.Build.0 = Release|Win32
		{32EF2574-C197-3BDF-BB2B-2D2AD5EDDEE6}.MinSizeRel|Win32.ActiveCfg = MinSizeRel|Win32
		{32EF2574-C197-3BDF-BB2B-2D2AD5EDDEE6}.MinSizeRel|Win32.Build.0 = MinSizeRel|Win32
		{32EF2574-C197-3BDF-BB2B-2D2AD5EDDEE6}.RelWithDebInfo|Win32.ActiveCfg = RelWithDebInfo|Win32
		{32EF2574-C197-3BDF-BB2B-2D2AD5EDDEE6}.RelWithDebInfo|Win32.Build.0 = RelWithDebInfo|Win32
		{9E949EE7-8362-3C06-BBDC-9CB584D7E51A}.Debug|Win32.ActiveCfg = Debug|Win32
		{9E949EE7-8362-3C06-BBDC-9CB584D7E51A}.Debug|Win32.Build.0 = Debug|Win32
		{9E949EE7-8362-3C06-BBDC-9CB584D7E51A}.Release|Win32.ActiveCfg = Release|Win32
		{9E949EE7-8362-3C06-BBDC-9CB584D7E51A}.Release|Win32.Build.0 = Release|Win32
		{9E949EE7-8362-3C06-BBDC-9CB584D7E51A}.MinSizeRel|Win32.ActiveCfg = MinSizeRel|Win32
		{9E949EE7-8362-3C06-BBDC-9CB584D7E51A}.MinSizeRel|Win32.Build.0 = MinSizeRel|Win32
		{9E949EE7-8362-3C06-BBDC-9CB584D7E51A}.RelWithDebInfo|Win32.ActiveCfg = RelWithDebInfo|Win32
		{9E949EE7-8362-3C06-BBDC-9CB584D7E51A}.RelWithDebInfo|Win32.Build.0 = RelWithDebInfo|Win32
		{2789E7CE-329B-3886-B501-1F77BA50137D}.Debug|Win32.ActiveCfg = Debug|Win32
		{2789E7CE-329B-3886-B501-1F77BA50137D}.Debug|Win32.Build.0 = Debug|Win32
		{2789E7CE-329B-3886-B501-1F77BA50137D}.Release|Win32.ActiveCfg = Release|Win32
		{2789E7CE-329B-3886-B501-1F77BA50137D}.Release|Win32.Build.0 = Release|Win32
		{2789E7CE-329B-3886-B501-1F77BA50137D}.MinSizeRel|Win32.ActiveCfg = MinSizeRel|Win32
		{2789E7CE-329B-3886-B501-1F77BA50137D}.MinSizeRel|Win32.Build.0 = MinSizeRel|Win32
		{2789E7CE-329B-3886-B501-1F77BA50137D}.RelWithDebInfo|Win32.ActiveCfg = RelWithDebInfo|Win32
		{2789E7CE-329B-3886-B501-1F77BA50137D}.RelWithDebInfo|Win32.Build.0 = RelWithDebInfo|Win32
		{9513C52D-CDEF-392F-9AF0-BABAD3C4233C}.Debug|Win32.ActiveCfg = Debug|Win32
		{9513C52D-CDEF-392F-9AF0-BABAD3C4233C}.Debug|Win32.Build.0 = Debug|Win32
		{9513C52D-CDEF-392F-9AF0-BABAD3C4233C}.Release|Win32.ActiveCfg = Release|Win32
		{9513C52D-CDEF-392F-9AF0-BABAD3C4233C}.Release|Win32.Build.0 = Release|Win32
		{9513C52D-CDEF-392F-9AF0-BABAD3C4233C}.MinSizeRel|Win32.ActiveCfg = MinSizeRel|Win32
		{9513C52D-CDEF-392F-9AF0-BABAD3C4233C}.MinSizeRel|Win32.Build.0 = MinSizeRel|Win32
		{9513C52D-CDEF-392F-9AF0-BABAD3C4233C}.RelWithDebInfo|Win32.ActiveCfg = RelWithDebInfo|Win32
		{9513C52D-CDEF-392F-9AF0-BABAD3C4233C}.RelWithDebInfo|Win32.Build.0 = RelWithDebInfo|Win32
		{631EAB27-71F7-34F6-86F1-F739A6DCF144}.Debug|Win32.ActiveCfg = Debug|Win32
		{631EAB27-71F7-34F6-86F1-F739A6DCF144}.Debug|Win32.Build.0 = Debug|Win32
		{631EAB27-71F7-34F6-86F1-F739A6DCF144}.Release|Win32.ActiveCfg = Release|Win32
		{631EAB27-71F7-34F6-86F1-F739A6DCF144}.Release|Win32.Build.0 = Release|Win32
		{631EAB27-71F7-34F6-86F1-F739A6DCF144}.MinSizeRel|Win32.ActiveCfg = MinSizeRel|Win32
		{631EAB27-71F7-34F6-86F1-F739A6DCF144}.MinSizeRel|Win32.Build.0 = MinSizeRel|Win32
		{631EAB27-71F7-34F6-86F1-F739A6DCF144}.RelWithDebInfo|Win32.ActiveCfg = RelWithDebInfo|Win32
		{631EAB27-71F7-34F6-86F1-F739A6DCF144}.RelWithDebInfo|Win32.Build.0 = RelWithDebInfo|Win32
		{F23B5A74-A484-3271-AAD3-4A25A27B6956}.Debug|Win32.ActiveCfg = Debug|Win32
		{F23B5A74-A484-3271-AAD3-4A25A27B6956}.Debug|Win32.Build.0 = Debug|Win32
		{F23B5A74-A484-3271-AAD3-4A25A27B6956}.Release|Win32.ActiveCfg = Release|Win32
		{F23B5A74-A484-3271-AAD3-4A25A27B6956}.Release|Win32.Build.0 = Release|Win32
		{F23B5A74-A484-3271-AAD3-4A25A27B6956}.MinSizeRel|Win32.ActiveCfg = MinSizeRel|Win32
		{F23B5A74-A484-3271-AAD3-4A25A27B6956}.MinSizeRel|Win32.Build.0 = MinSizeRel|Win32
		{F23B5A74-A484-3271-AAD3-4A25A27B6956}.RelWithDebInfo|Win32.ActiveCfg = RelWithDebInfo|Win32
		{F23B5A74-A484-3271-AAD3-4A25A27B6956}.RelWithDebInfo|Win32.Build.0 = RelWithDebInfo|Win32
		{B430E41D-0836-31D7-9869-91516BD591EC}.Debug|Win32.ActiveCfg = Debug|Win32
		{B430E41D-0836-31D7-9869-91516BD591EC}.Debug|Win32.Build.0 = Debug|Win32
		{B430E41D-0836-31D7-9869-91516BD591EC}.Release|Win32.ActiveCfg = Release|Win32
		{B430E41D-0836-31D7-9869-91516BD591EC}.Release|Win32.Build.0 = Release|Win32
		{B430E41D-0836-31D7-9869-91516BD591EC}.MinSizeRel|Win32.ActiveCfg = MinSizeRel|Win32
		{B430E41D-0836-31D7-9869-91516BD591EC}.MinSizeRel|Win32.Build.0 = MinSizeRel|Win32
		{B430E41D-0836-31D7-9869-91516BD591EC}.RelWithDebInfo|Win32.ActiveCfg = RelWithDebInfo|Win32
		{B430E41D-0836-31D7-9869-91516BD591EC}.RelWithDebInfo|Win32.Build.0 = RelWithDebInfo|Win32
		{7449EB44-75E6-34C2-90DD-4B430E70FD58}.Debug|Win32.ActiveCfg = Debug|Win32
		{7449EB44-75E6-34C2-90DD-4B430E70FD58}.Debug|Win32.Build.0 = Debug|Win32
		{7449EB44-75E6-34C2-90DD-4B430E70FD58}.Release|Win32.ActiveCfg = Release|Win32
		{7449EB44-75E6-34C2-90DD-4B430E70FD58}.Release|Win32.Build.0 = Release|Win32
		{7449EB44-75E6-34C2-90DD-4B430E70FD58}.MinSizeRel|Win32.ActiveCfg = MinSizeRel|Win32
		{7449EB44-75E6-34C2-90DD-4B430E70FD58}.MinSizeRel|Win32.Build.0 = MinSizeRel|Win32
		{7449EB44-75E6-34C2-90DD-4B430E70FD58}.RelWithDebInfo|Win32.ActiveCfg = RelWithDebInfo|Win32
		{7449EB44-75E6-34C2-90DD-4B430E70FD58}.RelWithDebInfo|Win32.Build.0 = RelWithDebInfo|Win32
		{D3D5718E-406B-35AC-94FF-EBFED37DDE4A}.Debug|Win32.ActiveCfg = Debug|Win32
		{D3D5718E-406B-35AC-94FF-EBFED37DDE4A}.Debug|Win32.Build.0 = Debug|Win32
		{D3D5718E-406B-35AC-94FF-EBFED37DDE4A}.Release|Win32.ActiveCfg = Release|Win32
		{D3D5718E-406B-35AC-94FF-EBFED37DDE4A}.Release|Win32.Build.0 = Release|Win32
		{D3D5718E-406B-35AC-94FF-EBFED37DDE4A}.MinSizeRel|Win32.ActiveCfg = MinSizeRel|Win32
		{D3D5718E-406B-35AC-94FF-EBFED37DDE4A}.MinSizeRel|Win32.Build.0 = MinSizeRel|Win32
		{D3D5718E-406B-35AC-94FF-EBFED37DDE4A}.RelWithDebInfo|Win32.ActiveCfg = RelWithDebInfo|Win32
		{D3D5718E-406B-35AC-94FF-EBFED37DDE4A}.RelWithDebInfo|Win32.Build.0 = RelWithDebInfo|Win32
		{CE435560-46EB-3419-A3B8-2F622AA910D0}.Debug|Win32.ActiveCfg = Debug|Win32
		{CE435560-46EB-3419-A3B8-2F622AA910D0}.Debug|Win32.Build.0 = Debug|Win32
		{CE435560-46EB-3419-A3B8-2F622AA910D0}.Release|Win32.ActiveCfg = Release|Win32
		{CE435560-46EB-3419-A3B8-2F622AA910D0}.Release|Win32.Build.0 = Release|Win32
		{CE435560-46EB-3419-A3B8-2F622AA910D0}.MinSizeRel|Win32.ActiveCfg = MinSizeRel|Win32
		{CE435560-46EB-3419-A3B8-2F622AA910D0}.MinSizeRel|Win32.Build.0 = MinSizeRel|Win32
		{CE435560-46EB-3419-A3B8-2F622AA910D0}.RelWithDebInfo|Win32.ActiveCfg = RelWithDebInfo|Win32
		{CE435560-46EB-3419-A3B8-2F622AA910D0}.RelWithDebInfo|Win32.Build.0 = RelWithDebInfo|Win32
		{1E0D81F4-A4EF-34E7-829B-D850967B6C55}.Debug|Win32.ActiveCfg = Debug|Win32
		{1E0D81F4-A4EF-34E7-829B-D850967B6C55}.Debug|Win32.Build.0 = Debug|Win32
		{1E0D81F4-A4EF-34E7-829B-D850967B6C55}.Release|Win32.ActiveCfg = Release|Win32
		{1E0D81F4-A4EF-34E7-829B-D850967B6C55}.Release|Win32.Build.0 = Release|Win32
		{1E0D81F4-A4EF-34E7-829B-D850967B6C55}.MinSizeRel|Win32.ActiveCfg = MinSizeRel|Win32
		{1E0D81F4-A4EF-34E7-829B-D850967B6C55}.MinSizeRel|Win32.Build.0 = MinSizeRel|Win32
		{1E0D81F4-A4EF-34E7-829B-D850967B6C55}.RelWithDebInfo|Win32.ActiveCfg = RelWithDebInfo|Win32
		{1E0D81F4-A4EF-34E7-829B-D850967B6C55}.RelWithDebInfo|Win32.Build.0 = RelWithDebInfo|Win32
		{D8D14475-5D34-38CC-9A29-5C0ED46CDCFB}.Debug|Win32.ActiveCfg = Debug|Win32
		{D8D14475-5D34-38CC-9A29-5C0ED46CDCFB}.Debug|Win32.Build.0 = Debug|Win32
		{D8D14475-5D34-38CC-9A29-5C0ED46CDCFB}.Release|Win32.ActiveCfg = Release|Win32
		{D8D14475-5D34-38CC-9A29-5C0ED46CDCFB}.Release|Win32.Build.0 = Release|Win32
		{D8D14475-5D34-38CC-9A29-5C0ED46CDCFB}.MinSizeRel|Win32.ActiveCfg = MinSizeRel|Win32
		{D8D14475-5D34-38CC-9A29-5C0ED46CDCFB}.MinSizeRel|Win32.Build.0 = MinSizeRel|Win32
		{D8D14475-5D34-38CC-9A29-5C0ED46CDCFB}.RelWithDebInfo|Win32.ActiveCfg = RelWithDebInfo|Win32
		{D8D14475-5D34-38CC-9A29-5C0ED46CDCFB}.RelWithDebInfo|Win32.Build.0 = RelWithDebInfo|Win32
		{AB1AD549-A267-3B56-8597-09085227A77D}.Debug|Win32.ActiveCfg = Debug|Win32
		{AB1AD549-A267-3B56-8597-09085227A77D}.Debug|Win32.Build.0 = Debug|Win32
		{AB1AD549-A267-3B56-8597-09085227A77D}.Release|Win32.ActiveCfg = Release|Win32
		{AB1AD549-A267-3B56-8597-09085227A77D}.Release|Win32.Build.0 = Release|Win32
		{AB1AD549-A267-3B56-8597-09085227A77D}.MinSizeRel|Win32.ActiveCfg = MinSizeRel|Win32
		{AB1AD549-A267-3B56-8597-09085227A77D}.MinSizeRel|Win32.Build.0 = MinSizeRel|Win32
		{AB1AD549-A267-3B56-8597-09085227A77D}.RelWithDebInfo|Win32.ActiveCfg = RelWithDebInfo|Win32
		{AB1AD549-A267-3B56-8597-09085227A77D}.RelWithDebInfo|Win32.Build.0 = RelWithDebInfo|Win32
		{E7E32E08-1E2A-36F0-B5B1-B5C5C453E2BF}.Debug|Win32.ActiveCfg = Debug|Win32
		{E7E32E08-1E2A-36F0-B5B1-B5C5C453E2BF}.Debug|Win32.Build.0 = Debug|Win32
		{E7E32E08-1E2A-36F0-B5B1-B5C5C453E2BF}.Release|Win32.ActiveCfg = Release|Win32
		{E7E32E08-1E2A-36F0-B5B1-B5C5C453E2BF}.Release|Win32.Build.0 = Release|Win32
		{E7E32E08-1E2A-36F0-B5B1-B5C5C453E2BF}.MinSizeRel|Win32.ActiveCfg = MinSizeRel|Win32
		{E7E32E08-1E2A-36F0-B5B1-B5C5C453E2BF}.MinSizeRel|Win32.Build.0 = MinSizeRel|Win32
		{E7E32E08-1E2A-36F0-B5B1-B5C5C453E2BF}.RelWithDebInfo|Win32.ActiveCfg = RelWithDebInfo|Win32
		{E7E32E08-1E2A-36F0-B5B1-B5C5C453E2BF}.RelWithDebInfo|Win32.Build.0 = RelWithDebInfo|Win32
		{DE1B2862-9DC6-3B1E-8261-700C2EF74BC8}.Debug|Win32.ActiveCfg = Debug|Win32
		{DE1B2862-9DC6-3B1E-8261-700C2EF74BC8}.Debug|Win32.Build.0 = Debug|Win32
		{DE1B2862-9DC6-3B1E-8261-700C2EF74BC8}.Release|Win32.ActiveCfg = Release|Win32
		{DE1B2862-9DC6-3B1E-8261-700C2EF74BC8}.Release|Win32.Build.0 = Release|Win32
		{DE1B2862-9DC6-3B1E-8261-700C2EF74BC8}.MinSizeRel|Win32.ActiveCfg = MinSizeRel|Win32
		{DE1B2862-9DC6-3B1E-8261-700C2EF74BC8}.MinSizeRel|Win32.Build.0 = MinSizeRel|Win32
		{DE1B2862-9DC6-3B1E-8261-700C2EF74BC8}.RelWithDebInfo|Win32.ActiveCfg = RelWithDebInfo|Win32
		{DE1B2862-9DC6-3B1E-8261-700C2EF74BC8}.RelWithDebInfo|Win32.Build.0 = RelWithDebInfo|Win32
		{8A77C371-89D7-3222-BFD4-67CA8914C8E4}.Debug|Win32.ActiveCfg = Debug|Win32
		{8A77C371-89D7-3222-BFD4-67CA8914C8E4}.Debug|Win32.Build.0 = Debug|Win32
		{8A77C371-89D7-3222-BFD4-67CA8914C8E4}.Release|Win32.ActiveCfg = Release|Win32
		{8A77C371-89D7-3222-BFD4-67CA8914C8E4}.Release|Win32.Build.0 = Release|Win32
		{8A77C371-89D7-3222-BFD4-67CA8914C8E4}.MinSizeRel|Win32.ActiveCfg = MinSizeRel|Win32
		{8A77C371-89D7-3222-BFD4-67CA8914C8E4}.MinSizeRel|Win32.Build.0 = MinSizeRel|Win32
		{8A77C371-89D7-3222-BFD4-67CA8914C8E4}.RelWithDebInfo|Win32.ActiveCfg = RelWithDebInfo|Win32
		{8A77C371-89D7-3222-BFD4-67CA8914C8E4}.RelWithDebInfo|Win32.Build.0 = RelWithDebInfo|Win32
		{EE543351-506D-32B0-AD7C-2420C668CD9F}.Debug|Win32.ActiveCfg = Debug|Win32
		{EE543351-506D-32B0-AD7C-2420C668CD9F}.Debug|Win32.Build.0 = Debug|Win32
		{EE543351-506D-32B0-AD7C-2420C668CD9F}.Release|Win32.ActiveCfg = Release|Win32
		{EE543351-506D-32B0-AD7C-2420C668CD9F}.Release|Win32.Build.0 = Release|Win32
		{EE543351-506D-32B0-AD7C-2420C668CD9F}.MinSizeRel|Win32.ActiveCfg = MinSizeRel|Win32
		{EE543351-506D-32B0-AD7C-2420C668CD9F}.MinSizeRel|Win32.Build.0 = MinSizeRel|Win32
		{EE543351-506D-32B0-AD7C-2420C668CD9F}.RelWithDebInfo|Win32.ActiveCfg = RelWithDebInfo|Win32
		{EE543351-506D-32B0-AD7C-2420C668CD9F}.RelWithDebInfo|Win32.Build.0 = RelWithDebInfo|Win32
		{A7B0B22C-543A-37A8-969B-DA274883E044}.Debug|Win32.ActiveCfg = Debug|Win32
		{A7B0B22C-543A-37A8-969B-DA274883E044}.Release|Win32.ActiveCfg = Release|Win32
		{A7B0B22C-543A-37A8-969B-DA274883E044}.MinSizeRel|Win32.ActiveCfg = MinSizeRel|Win32
		{A7B0B22C-543A-37A8-969B-DA274883E044}.RelWithDebInfo|Win32.ActiveCfg = RelWithDebInfo|Win32
		{2B7AE712-DCC1-3C77-A774-EB0C25D0EE79}.Debug|Win32.ActiveCfg = Debug|Win32
		{2B7AE712-DCC1-3C77-A774-EB0C25D0EE79}.Debug|Win32.Build.0 = Debug|Win32
		{2B7AE712-DCC1-3C77-A774-EB0C25D0EE79}.Release|Win32.ActiveCfg = Release|Win32
		{2B7AE712-DCC1-3C77-A774-EB0C25D0EE79}.Release|Win32.Build.0 = Release|Win32
		{2B7AE712-DCC1-3C77-A774-EB0C25D0EE79}.MinSizeRel|Win32.ActiveCfg = MinSizeRel|Win32
		{2B7AE712-DCC1-3C77-A774-EB0C25D0EE79}.MinSizeRel|Win32.Build.0 = MinSizeRel|Win32
		{2B7AE712-DCC1-3C77-A774-EB0C25D0EE79}.RelWithDebInfo|Win32.ActiveCfg = RelWithDebInfo|Win32
		{2B7AE712-DCC1-3C77-A774-EB0C25D0EE79}.RelWithDebInfo|Win32.Build.0 = RelWithDebInfo|Win32
		{D486C678-9278-3B26-B599-30B9D786DD77}.Debug|Win32.ActiveCfg = Debug|Win32
		{D486C678-9278-3B26-B599-30B9D786DD77}.Debug|Win32.Build.0 = Debug|Win32
		{D486C678-9278-3B26-B599-30B9D786DD77}.Release|Win32.ActiveCfg = Release|Win32
		{D486C678-9278-3B26-B599-30B9D786DD77}.Release|Win32.Build.0 = Release|Win32
		{D486C678-9278-3B26-B599-30B9D786DD77}.MinSizeRel|Win32.ActiveCfg = MinSizeRel|Win32
		{D486C678-9278-3B26-B599-30B9D786DD77}.MinSizeRel|Win32.Build.0 = MinSizeRel|Win32
		{D486C678-9278-3B26-B599-30B9D786DD77}.RelWithDebInfo|Win32.ActiveCfg = RelWithDebInfo|Win32
		{D486C678-9278-3B26-B599-30B9D786DD77}.RelWithDebInfo|Win32.Build.0 = RelWithDebInfo|Win32
	EndGlobalSection
	GlobalSection(NestedProjects) = preSolution
		{0A00FF2E-D36C-3FE6-B6B7-5446ACDC500A} = {BCDF6150-6F4C-3001-98F7-14E2E9AF1CFF}
		{F9F8009B-86CC-3EDD-A886-A7EFDD1F4EF1} = {BCDF6150-6F4C-3001-98F7-14E2E9AF1CFF}
		{5EC05DD1-6BAA-34FD-A592-37D487ECA890} = {F4F6DD68-F077-311F-8246-E708D3536054}
		{A80068B8-7F1F-3522-9329-7D136E4EF0E9} = {F4F6DD68-F077-311F-8246-E708D3536054}
		{2789E7CE-329B-3886-B501-1F77BA50137D} = {F4F6DD68-F077-311F-8246-E708D3536054}
		{736B021A-74AA-3947-AE98-E41BD6A8EFB4} = {5EC05DD1-6BAA-34FD-A592-37D487ECA890}
		{9E949EE7-8362-3C06-BBDC-9CB584D7E51A} = {5EC05DD1-6BAA-34FD-A592-37D487ECA890}
		{631EAB27-71F7-34F6-86F1-F739A6DCF144} = {5EC05DD1-6BAA-34FD-A592-37D487ECA890}
		{CE435560-46EB-3419-A3B8-2F622AA910D0} = {5EC05DD1-6BAA-34FD-A592-37D487ECA890}
		{AB1AD549-A267-3B56-8597-09085227A77D} = {5EC05DD1-6BAA-34FD-A592-37D487ECA890}
		{E7E32E08-1E2A-36F0-B5B1-B5C5C453E2BF} = {5EC05DD1-6BAA-34FD-A592-37D487ECA890}
		{2B7AE712-DCC1-3C77-A774-EB0C25D0EE79} = {5EC05DD1-6BAA-34FD-A592-37D487ECA890}
		{CE279E8A-D3FE-3B22-868B-EBF060B58A38} = {A80068B8-7F1F-3522-9329-7D136E4EF0E9}
		{2EC07513-9B08-3759-9285-BDCB80EB1840} = {A80068B8-7F1F-3522-9329-7D136E4EF0E9}
		{076ED74F-DB7B-38BE-9246-20385AC39BCA} = {A80068B8-7F1F-3522-9329-7D136E4EF0E9}
		{A728715A-85E6-394E-9818-77ED59F683A0} = {A80068B8-7F1F-3522-9329-7D136E4EF0E9}
		{32EF2574-C197-3BDF-BB2B-2D2AD5EDDEE6} = {A80068B8-7F1F-3522-9329-7D136E4EF0E9}
		{9513C52D-CDEF-392F-9AF0-BABAD3C4233C} = {A80068B8-7F1F-3522-9329-7D136E4EF0E9}
		{F23B5A74-A484-3271-AAD3-4A25A27B6956} = {A80068B8-7F1F-3522-9329-7D136E4EF0E9}
		{B430E41D-0836-31D7-9869-91516BD591EC} = {A80068B8-7F1F-3522-9329-7D136E4EF0E9}
		{7449EB44-75E6-34C2-90DD-4B430E70FD58} = {A80068B8-7F1F-3522-9329-7D136E4EF0E9}
		{D3D5718E-406B-35AC-94FF-EBFED37DDE4A} = {A80068B8-7F1F-3522-9329-7D136E4EF0E9}
		{1E0D81F4-A4EF-34E7-829B-D850967B6C55} = {A80068B8-7F1F-3522-9329-7D136E4EF0E9}
		{D8D14475-5D34-38CC-9A29-5C0ED46CDCFB} = {A80068B8-7F1F-3522-9329-7D136E4EF0E9}
		{DE1B2862-9DC6-3B1E-8261-700C2EF74BC8} = {A80068B8-7F1F-3522-9329-7D136E4EF0E9}
		{8A77C371-89D7-3222-BFD4-67CA8914C8E4} = {A80068B8-7F1F-3522-9329-7D136E4EF0E9}
		{EE543351-506D-32B0-AD7C-2420C668CD9F} = {A80068B8-7F1F-3522-9329-7D136E4EF0E9}
		{D486C678-9278-3B26-B599-30B9D786DD77} = {A80068B8-7F1F-3522-9329-7D136E4EF0E9}
	EndGlobalSection
	GlobalSection(ExtensibilityGlobals) = postSolution
	EndGlobalSection
	GlobalSection(ExtensibilityAddIns) = postSolution
	EndGlobalSection
EndGlobal
